
Microsoft Visual Studio Solution File, Format Version 12.00
# Visual Studio 15
VisualStudioVersion = 15.0.28307.645
MinimumVisualStudioVersion = 10.0.40219.1
Project("{8BC9CEB8-8B4A-11D0-8D11-00A0C91BC942}") = "Project1", "Project1\Project1.vcxproj", "{B812A385-1E48-48CA-9EA8-E6A853F0D2BC}"
EndProject
Global
	GlobalSection(SolutionConfigurationPlatforms) = preSolution
		Debug|x64 = Debug|x64
		Debug|x86 = Debug|x86
		Release|x64 = Release|x64
		Release|x86 = Release|x86
	EndGlobalSection
	GlobalSection(ProjectConfigurationPlatforms) = postSolution
		{B812A385-1E48-48CA-9EA8-E6A853F0D2BC}.Debug|x64.ActiveCfg = Debug|x64
		{B812A385-1E48-48CA-9EA8-E6A853F0D2BC}.Debug|x64.Build.0 = Debug|x64
		{B812A385-1E48-48CA-9EA8-E6A853F0D2BC}.Debug|x86.ActiveCfg = Debug|Win32
		{B812A385-1E48-48CA-9EA8-E6A853F0D2BC}.Debug|x86.Build.0 = Debug|Win32
		{B812A385-1E48-48CA-9EA8-E6A853F0D2BC}.Release|x64.ActiveCfg = Release|x64
		{B812A385-1E48-48CA-9EA8-E6A853F0D2BC}.Release|x64.Build.0 = Release|x64
		{B812A385-1E48-48CA-9EA8-E6A853F0D2BC}.Release|x86.ActiveCfg = Release|Win32
		{B812A385-1E48-48CA-9EA8-E6A853F0D2BC}.Release|x86.Build.0 = Release|Win32
	EndGlobalSection
	GlobalSection(SolutionProperties) = preSolution
		HideSolutionNode = FALSE
	EndGlobalSection
	GlobalSection(ExtensibilityGlobals) = postSolution
		SolutionGuid = {71C0B2B7-B88B-4E61-BB59-7D5BD888FBF6}
	EndGlobalSection
EndGlobal
